
Microsoft Visual Studio Solution File, Format Version 12.00
# Visual Studio Version 17
VisualStudioVersion = 17.3.32929.385
MinimumVisualStudioVersion = 10.0.40219.1
Project("{FAE04EC0-301F-11D3-BF4B-00C04F79EFBC}") = "Sharp_14-10-2022_Forum_Strukt", "Sharp_14-10-2022_Forum_Strukt.csproj", "{8D6FC74A-C75A-4033-9F1C-29FA43D0D87E}"
EndProject
Global
	GlobalSection(SolutionConfigurationPlatforms) = preSolution
		Debug|Any CPU = Debug|Any CPU
		Release|Any CPU = Release|Any CPU
	EndGlobalSection
	GlobalSection(ProjectConfigurationPlatforms) = postSolution
		{8D6FC74A-C75A-4033-9F1C-29FA43D0D87E}.Debug|Any CPU.ActiveCfg = Debug|Any CPU
		{8D6FC74A-C75A-4033-9F1C-29FA43D0D87E}.Debug|Any CPU.Build.0 = Debug|Any CPU
		{8D6FC74A-C75A-4033-9F1C-29FA43D0D87E}.Release|Any CPU.ActiveCfg = Release|Any CPU
		{8D6FC74A-C75A-4033-9F1C-29FA43D0D87E}.Release|Any CPU.Build.0 = Release|Any CPU
	EndGlobalSection
	GlobalSection(SolutionProperties) = preSolution
		HideSolutionNode = FALSE
	EndGlobalSection
	GlobalSection(ExtensibilityGlobals) = postSolution
		SolutionGuid = {E1B41A73-BF82-4B7C-8CBA-CE2622B9037A}
	EndGlobalSection
EndGlobal
